
Microsoft Visual Studio Solution File, Format Version 12.00
# Visual Studio Version 17
VisualStudioVersion = 17.5.33530.505
MinimumVisualStudioVersion = 10.0.40219.1
Project("{9A19103F-16F7-4668-BE54-9A1E7A4F7556}") = "PersonalPasswordManager", "PersonalPasswordManager\PersonalPasswordManager.csproj", "{5B6742F6-567C-4925-A2E8-6987AC8E37D7}"
EndProject
Project("{FAE04EC0-301F-11D3-BF4B-00C04F79EFBC}") = "PasswordManagerTest", "PasswordManagerTest\PasswordManagerTest.csproj", "{49BDB952-5B0B-488A-AF08-4F0080EF23DA}"
EndProject
Global
	GlobalSection(SolutionConfigurationPlatforms) = preSolution
		Debug|Any CPU = Debug|Any CPU
		Release|Any CPU = Release|Any CPU
	EndGlobalSection
	GlobalSection(ProjectConfigurationPlatforms) = postSolution
		{5B6742F6-567C-4925-A2E8-6987AC8E37D7}.Debug|Any CPU.ActiveCfg = Debug|Any CPU
		{5B6742F6-567C-4925-A2E8-6987AC8E37D7}.Debug|Any CPU.Build.0 = Debug|Any CPU
		{5B6742F6-567C-4925-A2E8-6987AC8E37D7}.Release|Any CPU.ActiveCfg = Release|Any CPU
		{5B6742F6-567C-4925-A2E8-6987AC8E37D7}.Release|Any CPU.Build.0 = Release|Any CPU
		{49BDB952-5B0B-488A-AF08-4F0080EF23DA}.Debug|Any CPU.ActiveCfg = Debug|Any CPU
		{49BDB952-5B0B-488A-AF08-4F0080EF23DA}.Debug|Any CPU.Build.0 = Debug|Any CPU
		{49BDB952-5B0B-488A-AF08-4F0080EF23DA}.Release|Any CPU.ActiveCfg = Release|Any CPU
		{49BDB952-5B0B-488A-AF08-4F0080EF23DA}.Release|Any CPU.Build.0 = Release|Any CPU
	EndGlobalSection
	GlobalSection(SolutionProperties) = preSolution
		HideSolutionNode = FALSE
	EndGlobalSection
	GlobalSection(ExtensibilityGlobals) = postSolution
		SolutionGuid = {673D9DB8-1097-41BD-9F00-6DD32394DC2B}
	EndGlobalSection
EndGlobal
